# This file is automatically @generated by Poetry 1.5.1 and should not be changed by hand.

[[package]]
name = "anyio"
version = "3.7.0"
description = "High level compatibility layer for multiple asynchronous event loop implementations"
optional = false
python-versions = ">=3.7"
files = [
    {file = "anyio-3.7.0-py3-none-any.whl", hash = "sha256:eddca883c4175f14df8aedce21054bfca3adb70ffe76a9f607aef9d7fa2ea7f0"},
    {file = "anyio-3.7.0.tar.gz", hash = "sha256:275d9973793619a5374e1c89a4f4ad3f4b0a5510a2b5b939444bee8f4c4d37ce"},
]

[package.dependencies]
idna = ">=2.8"
sniffio = ">=1.1"

[package.extras]
doc = ["Sphinx (>=6.1.0)", "packaging", "sphinx-autodoc-typehints (>=1.2.0)", "sphinx-rtd-theme", "sphinxcontrib-jquery"]
test = ["anyio[trio]", "coverage[toml] (>=4.5)", "hypothesis (>=4.0)", "mock (>=4)", "psutil (>=5.9)", "pytest (>=7.0)", "pytest-mock (>=3.6.1)", "trustme", "uvloop (>=0.17)"]
trio = ["trio (<0.22)"]

[[package]]
name = "atlastk"
version = "0.13.2"
description = "The quick and easy way to add versatile graphical interfaces and networking capabilities to your Python programs. Works even on your Android smartphone or tablet."
optional = false
python-versions = "*"
files = [
    {file = "atlastk-0.13.2-py3-none-any.whl", hash = "sha256:387c3b644a8145e6efd1cf9ff7add9226743571420ce6218cae34ca62ed9c833"},
    {file = "atlastk-0.13.2.tar.gz", hash = "sha256:1e805658930f2546fbedddd406ff27028f772b2ceb104887cc54ba1ab34ffad8"},
]

[[package]]
name = "fastapi"
version = "0.95.2"
description = "FastAPI framework, high performance, easy to learn, fast to code, ready for production"
optional = false
python-versions = ">=3.7"
files = [
    {file = "fastapi-0.95.2-py3-none-any.whl", hash = "sha256:d374dbc4ef2ad9b803899bd3360d34c534adc574546e25314ab72c0c4411749f"},
    {file = "fastapi-0.95.2.tar.gz", hash = "sha256:4d9d3e8c71c73f11874bcf5e33626258d143252e329a01002f767306c64fb982"},
]

[package.dependencies]
pydantic = ">=1.6.2,<1.7 || >1.7,<1.7.1 || >1.7.1,<1.7.2 || >1.7.2,<1.7.3 || >1.7.3,<1.8 || >1.8,<1.8.1 || >1.8.1,<2.0.0"
starlette = ">=0.27.0,<0.28.0"

[package.extras]
all = ["email-validator (>=1.1.1)", "httpx (>=0.23.0)", "itsdangerous (>=1.1.0)", "jinja2 (>=2.11.2)", "orjson (>=3.2.1)", "python-multipart (>=0.0.5)", "pyyaml (>=5.3.1)", "ujson (>=4.0.1,!=4.0.2,!=4.1.0,!=4.2.0,!=4.3.0,!=5.0.0,!=5.1.0)", "uvicorn[standard] (>=0.12.0)"]
dev = ["pre-commit (>=2.17.0,<3.0.0)", "ruff (==0.0.138)", "uvicorn[standard] (>=0.12.0,<0.21.0)"]
doc = ["mdx-include (>=1.4.1,<2.0.0)", "mkdocs (>=1.1.2,<2.0.0)", "mkdocs-markdownextradata-plugin (>=0.1.7,<0.3.0)", "mkdocs-material (>=8.1.4,<9.0.0)", "pyyaml (>=5.3.1,<7.0.0)", "typer-cli (>=0.0.13,<0.0.14)", "typer[all] (>=0.6.1,<0.8.0)"]
test = ["anyio[trio] (>=3.2.1,<4.0.0)", "black (==23.1.0)", "coverage[toml] (>=6.5.0,<8.0)", "databases[sqlite] (>=0.3.2,<0.7.0)", "email-validator (>=1.1.1,<2.0.0)", "flask (>=1.1.2,<3.0.0)", "httpx (>=0.23.0,<0.24.0)", "isort (>=5.0.6,<6.0.0)", "mypy (==0.982)", "orjson (>=3.2.1,<4.0.0)", "passlib[bcrypt] (>=1.7.2,<2.0.0)", "peewee (>=3.13.3,<4.0.0)", "pytest (>=7.1.3,<8.0.0)", "python-jose[cryptography] (>=3.3.0,<4.0.0)", "python-multipart (>=0.0.5,<0.0.7)", "pyyaml (>=5.3.1,<7.0.0)", "ruff (==0.0.138)", "sqlalchemy (>=1.3.18,<1.4.43)", "types-orjson (==3.6.2)", "types-ujson (==5.7.0.1)", "ujson (>=4.0.1,!=4.0.2,!=4.1.0,!=4.2.0,!=4.3.0,!=5.0.0,!=5.1.0,<6.0.0)"]

[[package]]
name = "flake8"
version = "6.0.0"
description = "the modular source code checker: pep8 pyflakes and co"
optional = false
python-versions = ">=3.8.1"
files = [
    {file = "flake8-6.0.0-py2.py3-none-any.whl", hash = "sha256:3833794e27ff64ea4e9cf5d410082a8b97ff1a06c16aa3d2027339cd0f1195c7"},
    {file = "flake8-6.0.0.tar.gz", hash = "sha256:c61007e76655af75e6785a931f452915b371dc48f56efd765247c8fe68f2b181"},
]

[package.dependencies]
mccabe = ">=0.7.0,<0.8.0"
pycodestyle = ">=2.10.0,<2.11.0"
pyflakes = ">=3.0.0,<3.1.0"

[[package]]
name = "idna"
version = "3.4"
description = "Internationalized Domain Names in Applications (IDNA)"
optional = false
python-versions = ">=3.5"
files = [
    {file = "idna-3.4-py3-none-any.whl", hash = "sha256:90b77e79eaa3eba6de819a0c442c0b4ceefc341a7a2ab77d7562bf49f425c5c2"},
    {file = "idna-3.4.tar.gz", hash = "sha256:814f528e8dead7d329833b91c5faa87d60bf71824cd12a7530b5526063d02cb4"},
]

[[package]]
name = "mccabe"
version = "0.7.0"
description = "McCabe checker, plugin for flake8"
optional = false
python-versions = ">=3.6"
files = [
    {file = "mccabe-0.7.0-py2.py3-none-any.whl", hash = "sha256:6c2d30ab6be0e4a46919781807b4f0d834ebdd6c6e3dca0bda5a15f863427b6e"},
    {file = "mccabe-0.7.0.tar.gz", hash = "sha256:348e0240c33b60bbdf4e523192ef919f28cb2c3d7d5c7794f74009290f236325"},
]

[[package]]
name = "pycodestyle"
version = "2.10.0"
description = "Python style guide checker"
optional = false
python-versions = ">=3.6"
files = [
    {file = "pycodestyle-2.10.0-py2.py3-none-any.whl", hash = "sha256:8a4eaf0d0495c7395bdab3589ac2db602797d76207242c17d470186815706610"},
    {file = "pycodestyle-2.10.0.tar.gz", hash = "sha256:347187bdb476329d98f695c213d7295a846d1152ff4fe9bacb8a9590b8ee7053"},
]

[[package]]
name = "pydantic"
version = "1.10.8"
description = "Data validation and settings management using python type hints"
optional = false
python-versions = ">=3.7"
files = [
    {file = "pydantic-1.10.8-cp310-cp310-macosx_10_9_x86_64.whl", hash = "sha256:1243d28e9b05003a89d72e7915fdb26ffd1d39bdd39b00b7dbe4afae4b557f9d"},
    {file = "pydantic-1.10.8-cp310-cp310-macosx_11_0_arm64.whl", hash = "sha256:c0ab53b609c11dfc0c060d94335993cc2b95b2150e25583bec37a49b2d6c6c3f"},
    {file = "pydantic-1.10.8-cp310-cp310-manylinux_2_17_x86_64.manylinux2014_x86_64.whl", hash = "sha256:f9613fadad06b4f3bc5db2653ce2f22e0de84a7c6c293909b48f6ed37b83c61f"},
    {file = "pydantic-1.10.8-cp310-cp310-manylinux_2_5_i686.manylinux1_i686.manylinux_2_17_i686.manylinux2014_i686.whl", hash = "sha256:df7800cb1984d8f6e249351139667a8c50a379009271ee6236138a22a0c0f319"},
    {file = "pydantic-1.10.8-cp310-cp310-musllinux_1_1_i686.whl", hash = "sha256:0c6fafa0965b539d7aab0a673a046466d23b86e4b0e8019d25fd53f4df62c277"},
    {file = "pydantic-1.10.8-cp310-cp310-musllinux_1_1_x86_64.whl", hash = "sha256:e82d4566fcd527eae8b244fa952d99f2ca3172b7e97add0b43e2d97ee77f81ab"},
    {file = "pydantic-1.10.8-cp310-cp310-win_amd64.whl", hash = "sha256:ab523c31e22943713d80d8d342d23b6f6ac4b792a1e54064a8d0cf78fd64e800"},
    {file = "pydantic-1.10.8-cp311-cp311-macosx_10_9_x86_64.whl", hash = "sha256:666bdf6066bf6dbc107b30d034615d2627e2121506c555f73f90b54a463d1f33"},
    {file = "pydantic-1.10.8-cp311-cp311-macosx_11_0_arm64.whl", hash = "sha256:35db5301b82e8661fa9c505c800d0990bc14e9f36f98932bb1d248c0ac5cada5"},
    {file = "pydantic-1.10.8-cp311-cp311-manylinux_2_17_x86_64.manylinux2014_x86_64.whl", hash = "sha256:f90c1e29f447557e9e26afb1c4dbf8768a10cc676e3781b6a577841ade126b85"},
    {file = "pydantic-1.10.8-cp311-cp311-manylinux_2_5_i686.manylinux1_i686.manylinux_2_17_i686.manylinux2014_i686.whl", hash = "sha256:93e766b4a8226e0708ef243e843105bf124e21331694367f95f4e3b4a92bbb3f"},
    {file = "pydantic-1.10.8-cp311-cp311-musllinux_1_1_i686.whl", hash = "sha256:88f195f582851e8db960b4a94c3e3ad25692c1c1539e2552f3df7a9e972ef60e"},
    {file = "pydantic-1.10.8-cp311-cp311-musllinux_1_1_x86_64.whl", hash = "sha256:34d327c81e68a1ecb52fe9c8d50c8a9b3e90d3c8ad991bfc8f953fb477d42fb4"},
    {file = "pydantic-1.10.8-cp311-cp311-win_amd64.whl", hash = "sha256:d532bf00f381bd6bc62cabc7d1372096b75a33bc197a312b03f5838b4fb84edd"},
    {file = "pydantic-1.10.8-cp37-cp37m-macosx_10_9_x86_64.whl", hash = "sha256:7d5b8641c24886d764a74ec541d2fc2c7fb19f6da2a4001e6d580ba4a38f7878"},
    {file = "pydantic-1.10.8-cp37-cp37m-manylinux_2_17_x86_64.manylinux2014_x86_64.whl", hash = "sha256:7b1f6cb446470b7ddf86c2e57cd119a24959af2b01e552f60705910663af09a4"},
    {file = "pydantic-1.10.8-cp37-cp37m-manylinux_2_5_i686.manylinux1_i686.manylinux_2_17_i686.manylinux2014_i686.whl", hash = "sha256:c33b60054b2136aef8cf190cd4c52a3daa20b2263917c49adad20eaf381e823b"},
    {file = "pydantic-1.10.8-cp37-cp37m-musllinux_1_1_i686.whl", hash = "sha256:1952526ba40b220b912cdc43c1c32bcf4a58e3f192fa313ee665916b26befb68"},
    {file = "pydantic-1.10.8-cp37-cp37m-musllinux_1_1_x86_64.whl", hash = "sha256:bb14388ec45a7a0dc429e87def6396f9e73c8c77818c927b6a60706603d5f2ea"},
    {file = "pydantic-1.10.8-cp37-cp37m-win_amd64.whl", hash = "sha256:16f8c3e33af1e9bb16c7a91fc7d5fa9fe27298e9f299cff6cb744d89d573d62c"},
    {file = "pydantic-1.10.8-cp38-cp38-macosx_10_9_x86_64.whl", hash = "sha256:1ced8375969673929809d7f36ad322934c35de4af3b5e5b09ec967c21f9f7887"},
    {file = "pydantic-1.10.8-cp38-cp38-macosx_11_0_arm64.whl", hash = "sha256:93e6bcfccbd831894a6a434b0aeb1947f9e70b7468f274154d03d71fabb1d7c6"},
    {file = "pydantic-1.10.8-cp38-cp38-manylinux_2_17_x86_64.manylinux2014_x86_64.whl", hash = "sha256:191ba419b605f897ede9892f6c56fb182f40a15d309ef0142212200a10af4c18"},
    {file = "pydantic-1.10.8-cp38-cp38-manylinux_2_5_i686.manylinux1_i686.manylinux_2_17_i686.manylinux2014_i686.whl", hash = "sha256:052d8654cb65174d6f9490cc9b9a200083a82cf5c3c5d3985db765757eb3b375"},
    {file = "pydantic-1.10.8-cp38-cp38-musllinux_1_1_i686.whl", hash = "sha256:ceb6a23bf1ba4b837d0cfe378329ad3f351b5897c8d4914ce95b85fba96da5a1"},
    {file = "pydantic-1.10.8-cp38-cp38-musllinux_1_1_x86_64.whl", hash = "sha256:6f2e754d5566f050954727c77f094e01793bcb5725b663bf628fa6743a5a9108"},
    {file = "pydantic-1.10.8-cp38-cp38-win_amd64.whl", hash = "sha256:6a82d6cda82258efca32b40040228ecf43a548671cb174a1e81477195ed3ed56"},
    {file = "pydantic-1.10.8-cp39-cp39-macosx_10_9_x86_64.whl", hash = "sha256:3e59417ba8a17265e632af99cc5f35ec309de5980c440c255ab1ca3ae96a3e0e"},
    {file = "pydantic-1.10.8-cp39-cp39-macosx_11_0_arm64.whl", hash = "sha256:84d80219c3f8d4cad44575e18404099c76851bc924ce5ab1c4c8bb5e2a2227d0"},
    {file = "pydantic-1.10.8-cp39-cp39-manylinux_2_17_x86_64.manylinux2014_x86_64.whl", hash = "sha256:2e4148e635994d57d834be1182a44bdb07dd867fa3c2d1b37002000646cc5459"},
    {file = "pydantic-1.10.8-cp39-cp39-manylinux_2_5_i686.manylinux1_i686.manylinux_2_17_i686.manylinux2014_i686.whl", hash = "sha256:12f7b0bf8553e310e530e9f3a2f5734c68699f42218bf3568ef49cd9b0e44df4"},
    {file = "pydantic-1.10.8-cp39-cp39-musllinux_1_1_i686.whl", hash = "sha256:42aa0c4b5c3025483240a25b09f3c09a189481ddda2ea3a831a9d25f444e03c1"},
    {file = "pydantic-1.10.8-cp39-cp39-musllinux_1_1_x86_64.whl", hash = "sha256:17aef11cc1b997f9d574b91909fed40761e13fac438d72b81f902226a69dac01"},
    {file = "pydantic-1.10.8-cp39-cp39-win_amd64.whl", hash = "sha256:66a703d1983c675a6e0fed8953b0971c44dba48a929a2000a493c3772eb61a5a"},
    {file = "pydantic-1.10.8-py3-none-any.whl", hash = "sha256:7456eb22ed9aaa24ff3e7b4757da20d9e5ce2a81018c1b3ebd81a0b88a18f3b2"},
    {file = "pydantic-1.10.8.tar.gz", hash = "sha256:1410275520dfa70effadf4c21811d755e7ef9bb1f1d077a21958153a92c8d9ca"},
]

[package.dependencies]
typing-extensions = ">=4.2.0"

[package.extras]
dotenv = ["python-dotenv (>=0.10.4)"]
email = ["email-validator (>=1.0.3)"]

[[package]]
name = "pyflakes"
version = "3.0.1"
description = "passive checker of Python programs"
optional = false
python-versions = ">=3.6"
files = [
    {file = "pyflakes-3.0.1-py2.py3-none-any.whl", hash = "sha256:ec55bf7fe21fff7f1ad2f7da62363d749e2a470500eab1b555334b67aa1ef8cf"},
    {file = "pyflakes-3.0.1.tar.gz", hash = "sha256:ec8b276a6b60bd80defed25add7e439881c19e64850afd9b346283d4165fd0fd"},
]

[[package]]
name = "ruff"
version = "0.0.270"
description = "An extremely fast Python linter, written in Rust."
optional = false
python-versions = ">=3.7"
files = [
    {file = "ruff-0.0.270-py3-none-macosx_10_7_x86_64.whl", hash = "sha256:f74c4d550f7b8e808455ac77bbce38daafc458434815ba0bc21ae4bdb276509b"},
    {file = "ruff-0.0.270-py3-none-macosx_10_9_x86_64.macosx_11_0_arm64.macosx_10_9_universal2.whl", hash = "sha256:643de865fd35cb76c4f0739aea5afe7b8e4d40d623df7e9e6ea99054e5cead0a"},
    {file = "ruff-0.0.270-py3-none-manylinux_2_17_aarch64.manylinux2014_aarch64.whl", hash = "sha256:eca02e709b3308eb7255b5f74e779be23b5980fca3862eae28bb23069cd61ae4"},
    {file = "ruff-0.0.270-py3-none-manylinux_2_17_armv7l.manylinux2014_armv7l.whl", hash = "sha256:3ed3b198768d2b3a2300fb18f730cd39948a5cc36ba29ae9d4639a11040880be"},
    {file = "ruff-0.0.270-py3-none-manylinux_2_17_i686.manylinux2014_i686.whl", hash = "sha256:739495d2dbde87cf4e3110c8d27bc20febf93112539a968a4e02c26f0deccd1d"},
    {file = "ruff-0.0.270-py3-none-manylinux_2_17_ppc64.manylinux2014_ppc64.whl", hash = "sha256:08188f8351f4c0b6216e8463df0a76eb57894ca59a3da65e4ed205db980fd3ae"},
    {file = "ruff-0.0.270-py3-none-manylinux_2_17_ppc64le.manylinux2014_ppc64le.whl", hash = "sha256:0827b074635d37984fc98d99316bfab5c8b1231bb83e60dacc83bd92883eedb4"},
    {file = "ruff-0.0.270-py3-none-manylinux_2_17_s390x.manylinux2014_s390x.whl", hash = "sha256:0d61ae4841313f6eeb8292dc349bef27b4ce426e62c36e80ceedc3824e408734"},
    {file = "ruff-0.0.270-py3-none-manylinux_2_17_x86_64.manylinux2014_x86_64.whl", hash = "sha256:0eb412f20e77529a01fb94d578b19dcb8331b56f93632aa0cce4a2ea27b7aeba"},
    {file = "ruff-0.0.270-py3-none-musllinux_1_2_aarch64.whl", hash = "sha256:b775e2c5fc869359daf8c8b8aa0fd67240201ab2e8d536d14a0edf279af18786"},
    {file = "ruff-0.0.270-py3-none-musllinux_1_2_armv7l.whl", hash = "sha256:21f00e47ab2308617c44435c8dfd9e2e03897461c9e647ec942deb2a235b4cfd"},
    {file = "ruff-0.0.270-py3-none-musllinux_1_2_i686.whl", hash = "sha256:0bbfbf6fd2436165566ca85f6e57be03ed2f0a994faf40180cfbb3604c9232ef"},
    {file = "ruff-0.0.270-py3-none-musllinux_1_2_x86_64.whl", hash = "sha256:8af391ef81f7be960be10886a3c1aac0b298bde7cb9a86ec2b05faeb2081ce6b"},
    {file = "ruff-0.0.270-py3-none-win32.whl", hash = "sha256:b4c037fe2f75bcd9aed0c89c7c507cb7fa59abae2bd4c8b6fc331a28178655a4"},
    {file = "ruff-0.0.270-py3-none-win_amd64.whl", hash = "sha256:0012f9b7dc137ab7f1f0355e3c4ca49b562baf6c9fa1180948deeb6648c52957"},
    {file = "ruff-0.0.270-py3-none-win_arm64.whl", hash = "sha256:9613456b0b375766244c25045e353bc8890c856431cd97893c97b10cc93bd28d"},
    {file = "ruff-0.0.270.tar.gz", hash = "sha256:95db07b7850b30ebf32b27fe98bc39e0ab99db3985edbbf0754d399eb2f0e690"},
]

[[package]]
name = "sniffio"
version = "1.3.0"
description = "Sniff out which async library your code is running under"
optional = false
python-versions = ">=3.7"
files = [
    {file = "sniffio-1.3.0-py3-none-any.whl", hash = "sha256:eecefdce1e5bbfb7ad2eeaabf7c1eeb404d7757c379bd1f7e5cce9d8bf425384"},
    {file = "sniffio-1.3.0.tar.gz", hash = "sha256:e60305c5e5d314f5389259b7f22aaa33d8f7dee49763119234af3755c55b9101"},
]

[[package]]
name = "starlette"
version = "0.27.0"
description = "The little ASGI library that shines."
optional = false
python-versions = ">=3.7"
files = [
    {file = "starlette-0.27.0-py3-none-any.whl", hash = "sha256:918416370e846586541235ccd38a474c08b80443ed31c578a418e2209b3eef91"},
    {file = "starlette-0.27.0.tar.gz", hash = "sha256:6a6b0d042acb8d469a01eba54e9cda6cbd24ac602c4cd016723117d6a7e73b75"},
]

[package.dependencies]
anyio = ">=3.4.0,<5"

[package.extras]
full = ["httpx (>=0.22.0)", "itsdangerous", "jinja2", "python-multipart", "pyyaml"]

[[package]]
name = "tortoise"
version = "0.1.1"
description = "Turtle graphics on the web."
optional = false
python-versions = "*"
files = [
    {file = "tortoise-0.1.1-py3-none-any.whl", hash = "sha256:bcb58a56d6796cad0db330104450df2caf2ea9e98d844bb2906274bd15c12804"},
    {file = "tortoise-0.1.1.tar.gz", hash = "sha256:a4ebd69b152d266174b3b0f2a22e3fb8995101eb749d3114813a98f405ab10bb"},
]

[package.dependencies]
atlastk = "*"

[[package]]
name = "typing-extensions"
version = "4.6.2"
description = "Backported and Experimental Type Hints for Python 3.7+"
optional = false
python-versions = ">=3.7"
files = [
    {file = "typing_extensions-4.6.2-py3-none-any.whl", hash = "sha256:3a8b36f13dd5fdc5d1b16fe317f5668545de77fa0b8e02006381fd49d731ab98"},
    {file = "typing_extensions-4.6.2.tar.gz", hash = "sha256:06006244c70ac8ee83fa8282cb188f697b8db25bc8b4df07be1873c43897060c"},
]

[metadata]
lock-version = "2.0"
python-versions = "^3.11"
content-hash = "4411582a2c7ac72c0c747c5589f859b766e35ae2838da7d786e279f6007251fb"
